
Microsoft Visual Studio Solution File, Format Version 12.00
# Visual Studio Version 16
VisualStudioVersion = 16.0.30611.23
MinimumVisualStudioVersion = 10.0.40219.1
Project("{FAE04EC0-301F-11D3-BF4B-00C04F79EFBC}") = "WizardParser", "WizardParser\WizardParser.csproj", "{ABC67F13-3D25-49B3-8E65-B1AB082DCA6B}"
EndProject
Global
	GlobalSection(SolutionConfigurationPlatforms) = preSolution
		Debug|Any CPU = Debug|Any CPU
		Release|Any CPU = Release|Any CPU
	EndGlobalSection
	GlobalSection(ProjectConfigurationPlatforms) = postSolution
		{ABC67F13-3D25-49B3-8E65-B1AB082DCA6B}.Debug|Any CPU.ActiveCfg = Debug|Any CPU
		{ABC67F13-3D25-49B3-8E65-B1AB082DCA6B}.Debug|Any CPU.Build.0 = Debug|Any CPU
		{ABC67F13-3D25-49B3-8E65-B1AB082DCA6B}.Release|Any CPU.ActiveCfg = Release|Any CPU
		{ABC67F13-3D25-49B3-8E65-B1AB082DCA6B}.Release|Any CPU.Build.0 = Release|Any CPU
	EndGlobalSection
	GlobalSection(SolutionProperties) = preSolution
		HideSolutionNode = FALSE
	EndGlobalSection
	GlobalSection(ExtensibilityGlobals) = postSolution
		SolutionGuid = {926597C4-79A9-43DC-9CCA-9C7597A990A7}
	EndGlobalSection
EndGlobal
